
Microsoft Visual Studio Solution File, Format Version 12.00
# Visual Studio Version 18
VisualStudioVersion = 18.2.11415.280
MinimumVisualStudioVersion = 10.0.40219.1
Project("{FAE04EC0-301F-11D3-BF4B-00C04F79EFBC}") = "CopyQualifiedName", "CopyQualifiedName.csproj", "{A59313CE-C1D0-A36C-263F-B9EA1D1BD586}"
EndProject
Project("{FAE04EC0-301F-11D3-BF4B-00C04F79EFBC}") = "CopyQualifiedName.Tests", "CopyQualifiedName.Tests\CopyQualifiedName.Tests.csproj", "{77AABC0C-62C1-4FFC-98FA-05C9E4E70FC5}"
EndProject
Global
	GlobalSection(SolutionConfigurationPlatforms) = preSolution
		Debug|Any CPU = Debug|Any CPU
		Debug|x64 = Debug|x64
		Debug|x86 = Debug|x86
		Release|Any CPU = Release|Any CPU
		Release|x64 = Release|x64
		Release|x86 = Release|x86
	EndGlobalSection
	GlobalSection(ProjectConfigurationPlatforms) = postSolution
		{A59313CE-C1D0-A36C-263F-B9EA1D1BD586}.Debug|Any CPU.ActiveCfg = Debug|Any CPU
		{A59313CE-C1D0-A36C-263F-B9EA1D1BD586}.Debug|Any CPU.Build.0 = Debug|Any CPU
		{A59313CE-C1D0-A36C-263F-B9EA1D1BD586}.Debug|x64.ActiveCfg = Debug|Any CPU
		{A59313CE-C1D0-A36C-263F-B9EA1D1BD586}.Debug|x64.Build.0 = Debug|Any CPU
		{A59313CE-C1D0-A36C-263F-B9EA1D1BD586}.Debug|x86.ActiveCfg = Debug|Any CPU
		{A59313CE-C1D0-A36C-263F-B9EA1D1BD586}.Debug|x86.Build.0 = Debug|Any CPU
		{A59313CE-C1D0-A36C-263F-B9EA1D1BD586}.Release|Any CPU.ActiveCfg = Release|Any CPU
		{A59313CE-C1D0-A36C-263F-B9EA1D1BD586}.Release|Any CPU.Build.0 = Release|Any CPU
		{A59313CE-C1D0-A36C-263F-B9EA1D1BD586}.Release|x64.ActiveCfg = Release|Any CPU
		{A59313CE-C1D0-A36C-263F-B9EA1D1BD586}.Release|x64.Build.0 = Release|Any CPU
		{A59313CE-C1D0-A36C-263F-B9EA1D1BD586}.Release|x86.ActiveCfg = Release|Any CPU
		{A59313CE-C1D0-A36C-263F-B9EA1D1BD586}.Release|x86.Build.0 = Release|Any CPU
		{77AABC0C-62C1-4FFC-98FA-05C9E4E70FC5}.Debug|Any CPU.ActiveCfg = Debug|Any CPU
		{77AABC0C-62C1-4FFC-98FA-05C9E4E70FC5}.Debug|Any CPU.Build.0 = Debug|Any CPU
		{77AABC0C-62C1-4FFC-98FA-05C9E4E70FC5}.Debug|x64.ActiveCfg = Debug|Any CPU
		{77AABC0C-62C1-4FFC-98FA-05C9E4E70FC5}.Debug|x64.Build.0 = Debug|Any CPU
		{77AABC0C-62C1-4FFC-98FA-05C9E4E70FC5}.Debug|x86.ActiveCfg = Debug|Any CPU
		{77AABC0C-62C1-4FFC-98FA-05C9E4E70FC5}.Debug|x86.Build.0 = Debug|Any CPU
		{77AABC0C-62C1-4FFC-98FA-05C9E4E70FC5}.Release|Any CPU.ActiveCfg = Release|Any CPU
		{77AABC0C-62C1-4FFC-98FA-05C9E4E70FC5}.Release|Any CPU.Build.0 = Release|Any CPU
		{77AABC0C-62C1-4FFC-98FA-05C9E4E70FC5}.Release|x64.ActiveCfg = Release|Any CPU
		{77AABC0C-62C1-4FFC-98FA-05C9E4E70FC5}.Release|x64.Build.0 = Release|Any CPU
		{77AABC0C-62C1-4FFC-98FA-05C9E4E70FC5}.Release|x86.ActiveCfg = Release|Any CPU
		{77AABC0C-62C1-4FFC-98FA-05C9E4E70FC5}.Release|x86.Build.0 = Release|Any CPU
	EndGlobalSection
	GlobalSection(SolutionProperties) = preSolution
		HideSolutionNode = FALSE
	EndGlobalSection
	GlobalSection(ExtensibilityGlobals) = postSolution
		SolutionGuid = {881C26F2-1E9E-4C9A-B5B9-5CC1FA6F6FE2}
	EndGlobalSection
EndGlobal
